
Microsoft Visual Studio Solution File, Format Version 12.00
# Visual Studio Version 17
VisualStudioVersion = 17.2.32602.215
MinimumVisualStudioVersion = 10.0.40219.1
Project("{FAE04EC0-301F-11D3-BF4B-00C04F79EFBC}") = "ProyectoRH_Pertec", "ProyectoRH_Pertec\ProyectoRH_Pertec.csproj", "{2D8AAB64-3BBB-409D-A833-42563C56EF0A}"
EndProject
Global
	GlobalSection(SolutionConfigurationPlatforms) = preSolution
		Debug|Any CPU = Debug|Any CPU
		Release|Any CPU = Release|Any CPU
	EndGlobalSection
	GlobalSection(ProjectConfigurationPlatforms) = postSolution
		{2D8AAB64-3BBB-409D-A833-42563C56EF0A}.Debug|Any CPU.ActiveCfg = Debug|Any CPU
		{2D8AAB64-3BBB-409D-A833-42563C56EF0A}.Debug|Any CPU.Build.0 = Debug|Any CPU
		{2D8AAB64-3BBB-409D-A833-42563C56EF0A}.Release|Any CPU.ActiveCfg = Release|Any CPU
		{2D8AAB64-3BBB-409D-A833-42563C56EF0A}.Release|Any CPU.Build.0 = Release|Any CPU
	EndGlobalSection
	GlobalSection(SolutionProperties) = preSolution
		HideSolutionNode = FALSE
	EndGlobalSection
	GlobalSection(ExtensibilityGlobals) = postSolution
		SolutionGuid = {BF2F848B-5FCD-4B30-A175-7B18F043343D}
	EndGlobalSection
EndGlobal
